
Microsoft Visual Studio Solution File, Format Version 12.00
# Visual Studio 15
VisualStudioVersion = 15.0.27428.2005
MinimumVisualStudioVersion = 10.0.40219.1
Project("{9A19103F-16F7-4668-BE54-9A1E7A4F7556}") = "AlexaAzureTest1.Web", "AlexaAzureTest1.Web\AlexaAzureTest1.Web.csproj", "{9C224984-6A8B-4613-9769-C23333804BB4}"
EndProject
Project("{2150E333-8FDC-42A3-9474-1A3956D46DE8}") = "Alexa", "Alexa", "{AC6B55BE-7E9A-48D3-96AB-8124A67D97CB}"
	ProjectSection(SolutionItems) = preProject
		skill.json = skill.json
	EndProjectSection
EndProject
Global
	GlobalSection(SolutionConfigurationPlatforms) = preSolution
		Debug|Any CPU = Debug|Any CPU
		Release|Any CPU = Release|Any CPU
	EndGlobalSection
	GlobalSection(ProjectConfigurationPlatforms) = postSolution
		{9C224984-6A8B-4613-9769-C23333804BB4}.Debug|Any CPU.ActiveCfg = Debug|Any CPU
		{9C224984-6A8B-4613-9769-C23333804BB4}.Debug|Any CPU.Build.0 = Debug|Any CPU
		{9C224984-6A8B-4613-9769-C23333804BB4}.Release|Any CPU.ActiveCfg = Release|Any CPU
		{9C224984-6A8B-4613-9769-C23333804BB4}.Release|Any CPU.Build.0 = Release|Any CPU
	EndGlobalSection
	GlobalSection(SolutionProperties) = preSolution
		HideSolutionNode = FALSE
	EndGlobalSection
	GlobalSection(ExtensibilityGlobals) = postSolution
		SolutionGuid = {6462364B-3A19-4583-B0D1-9235366C5A1A}
	EndGlobalSection
EndGlobal
